
Microsoft Visual Studio Solution File, Format Version 12.00
# Visual Studio 2013
VisualStudioVersion = 12.0.30723.0
MinimumVisualStudioVersion = 10.0.40219.1
Project("{FAE04EC0-301F-11D3-BF4B-00C04F79EFBC}") = "ScreenScraping", "ScreenScraping\ScreenScraping.csproj", "{D1FE068D-C895-4B3A-B244-E0E55DBEB8F1}"
EndProject
Project("{F088123C-0E9E-452A-89E6-6BA2F21D5CAC}") = "ScreenScrapingModel", "ScreenScraping\ScreenScrapingModel\ScreenScrapingModel.modelproj", "{F9874A1D-899C-4DE5-A912-5C54EC5F002B}"
EndProject
Project("{FAE04EC0-301F-11D3-BF4B-00C04F79EFBC}") = "ScreenScrapingLib", "ScreenScrapingLib\ScreenScrapingLib.csproj", "{097D3904-8FA5-40CD-9DBC-1567D3E26F50}"
EndProject
Project("{FAE04EC0-301F-11D3-BF4B-00C04F79EFBC}") = "ScreenScraperTest", "ScreenScraperTest\ScreenScraperTest.csproj", "{D44C952B-8CE9-4A0B-8A59-F037777A4981}"
EndProject
Global
	GlobalSection(SolutionConfigurationPlatforms) = preSolution
		Debug|Any CPU = Debug|Any CPU
		Release|Any CPU = Release|Any CPU
	EndGlobalSection
	GlobalSection(ProjectConfigurationPlatforms) = postSolution
		{D1FE068D-C895-4B3A-B244-E0E55DBEB8F1}.Debug|Any CPU.ActiveCfg = Debug|Any CPU
		{D1FE068D-C895-4B3A-B244-E0E55DBEB8F1}.Debug|Any CPU.Build.0 = Debug|Any CPU
		{D1FE068D-C895-4B3A-B244-E0E55DBEB8F1}.Release|Any CPU.ActiveCfg = Release|Any CPU
		{D1FE068D-C895-4B3A-B244-E0E55DBEB8F1}.Release|Any CPU.Build.0 = Release|Any CPU
		{F9874A1D-899C-4DE5-A912-5C54EC5F002B}.Debug|Any CPU.ActiveCfg = Debug|Any CPU
		{F9874A1D-899C-4DE5-A912-5C54EC5F002B}.Debug|Any CPU.Build.0 = Debug|Any CPU
		{F9874A1D-899C-4DE5-A912-5C54EC5F002B}.Release|Any CPU.ActiveCfg = Release|Any CPU
		{F9874A1D-899C-4DE5-A912-5C54EC5F002B}.Release|Any CPU.Build.0 = Release|Any CPU
		{097D3904-8FA5-40CD-9DBC-1567D3E26F50}.Debug|Any CPU.ActiveCfg = Debug|Any CPU
		{097D3904-8FA5-40CD-9DBC-1567D3E26F50}.Debug|Any CPU.Build.0 = Debug|Any CPU
		{097D3904-8FA5-40CD-9DBC-1567D3E26F50}.Release|Any CPU.ActiveCfg = Release|Any CPU
		{097D3904-8FA5-40CD-9DBC-1567D3E26F50}.Release|Any CPU.Build.0 = Release|Any CPU
		{D44C952B-8CE9-4A0B-8A59-F037777A4981}.Debug|Any CPU.ActiveCfg = Debug|Any CPU
		{D44C952B-8CE9-4A0B-8A59-F037777A4981}.Debug|Any CPU.Build.0 = Debug|Any CPU
		{D44C952B-8CE9-4A0B-8A59-F037777A4981}.Release|Any CPU.ActiveCfg = Release|Any CPU
		{D44C952B-8CE9-4A0B-8A59-F037777A4981}.Release|Any CPU.Build.0 = Release|Any CPU
	EndGlobalSection
	GlobalSection(SolutionProperties) = preSolution
		HideSolutionNode = FALSE
	EndGlobalSection
EndGlobal
